// !$*UTF8*$!
{
	archiveVersion = 1;
	classes = {
	};
	objectVersion = 56;
	objects = {

/* Begin PBXBuildFile section */
		4C42A31C2BE9BCAD0012A33E /* RealityKitContent in Frameworks */ = {isa = PBXBuildFile; productRef = 4C42A31B2BE9BCAD0012A33E /* RealityKitContent */; };
		4C42A31E2BE9BCAD0012A33E /* DeliveryTestApp.swift in Sources */ = {isa = PBXBuildFile; fileRef = 4C42A31D2BE9BCAD0012A33E /* DeliveryTestApp.swift */; };
		4C42A3202BE9BCAE0012A33E /* ContentView.swift in Sources */ = {isa = PBXBuildFile; fileRef = 4C42A31F2BE9BCAE0012A33E /* ContentView.swift */; };
		4C42A3222BE9BCAE0012A33E /* ImmersiveView.swift in Sources */ = {isa = PBXBuildFile; fileRef = 4C42A3212BE9BCAE0012A33E /* ImmersiveView.swift */; };
		4C42A3242BE9BCB00012A33E /* Assets.xcassets in Resources */ = {isa = PBXBuildFile; fileRef = 4C42A3232BE9BCB00012A33E /* Assets.xcassets */; };
		4C42A3272BE9BCB00012A33E /* Preview Assets.xcassets in Resources */ = {isa = PBXBuildFile; fileRef = 4C42A3262BE9BCB00012A33E /* Preview Assets.xcassets */; };
		4C42A32F2BE9BCC90012A33E /* SampleEntityViewModel.swift in Sources */ = {isa = PBXBuildFile; fileRef = 4C42A32E2BE9BCC90012A33E /* SampleEntityViewModel.swift */; };
		4C42A3442BE9BD2D0012A33E /* SendableCircle.swift in Sources */ = {isa = PBXBuildFile; fileRef = 4C42A3302BE9BD2D0012A33E /* SendableCircle.swift */; };
		4C42A3452BE9BD2D0012A33E /* SendablePlayer.swift in Sources */ = {isa = PBXBuildFile; fileRef = 4C42A3312BE9BD2D0012A33E /* SendablePlayer.swift */; };
		4C42A3462BE9BD2D0012A33E /* Data+ext.swift in Sources */ = {isa = PBXBuildFile; fileRef = 4C42A3332BE9BD2D0012A33E /* Data+ext.swift */; };
		4C42A3472BE9BD2D0012A33E /* MCSessionState+ext.swift in Sources */ = {isa = PBXBuildFile; fileRef = 4C42A3342BE9BD2D0012A33E /* MCSessionState+ext.swift */; };
		4C42A3482BE9BD2D0012A33E /* PeersC+Advertiser.swift in Sources */ = {isa = PBXBuildFile; fileRef = 4C42A3362BE9BD2D0012A33E /* PeersC+Advertiser.swift */; };
		4C42A3492BE9BD2D0012A33E /* PeersC+Browser.swift in Sources */ = {isa = PBXBuildFile; fileRef = 4C42A3372BE9BD2D0012A33E /* PeersC+Browser.swift */; };
		4C42A34A2BE9BD2D0012A33E /* PeersC+Session.swift in Sources */ = {isa = PBXBuildFile; fileRef = 4C42A3382BE9BD2D0012A33E /* PeersC+Session.swift */; };
		4C42A34B2BE9BD2D0012A33E /* PeersC+Stream.swift in Sources */ = {isa = PBXBuildFile; fileRef = 4C42A3392BE9BD2D0012A33E /* PeersC+Stream.swift */; };
		4C42A34C2BE9BD2D0012A33E /* PeerService.swift in Sources */ = {isa = PBXBuildFile; fileRef = 4C42A33A2BE9BD2D0012A33E /* PeerService.swift */; };
		4C42A34D2BE9BD2D0012A33E /* PeersController.swift in Sources */ = {isa = PBXBuildFile; fileRef = 4C42A33C2BE9BD2D0012A33E /* PeersController.swift */; };
		4C42A34E2BE9BD2D0012A33E /* PeerInfo.swift in Sources */ = {isa = PBXBuildFile; fileRef = 4C42A33E2BE9BD2D0012A33E /* PeerInfo.swift */; };
		4C42A34F2BE9BD2D0012A33E /* PeersView.swift in Sources */ = {isa = PBXBuildFile; fileRef = 4C42A33F2BE9BD2D0012A33E /* PeersView.swift */; };
		4C42A3502BE9BD2D0012A33E /* PeersVm.swift in Sources */ = {isa = PBXBuildFile; fileRef = 4C42A3402BE9BD2D0012A33E /* PeersVm.swift */; };
		4C42A3512BE9BD2D0012A33E /* PSNetworking.swift in Sources */ = {isa = PBXBuildFile; fileRef = 4C42A3422BE9BD2D0012A33E /* PSNetworking.swift */; };
		4C42A3552BE9BDB90012A33E /* DebugView.swift in Sources */ = {isa = PBXBuildFile; fileRef = 4C42A3542BE9BDB90012A33E /* DebugView.swift */; };
		4C42A3572BE9BFFA0012A33E /* HandModel.swift in Sources */ = {isa = PBXBuildFile; fileRef = 4C42A3562BE9BFFA0012A33E /* HandModel.swift */; };
		4C42A3592BE9C0150012A33E /* PostureUtils.swift in Sources */ = {isa = PBXBuildFile; fileRef = 4C42A3582BE9C0150012A33E /* PostureUtils.swift */; };
		4C42A35B2BE9CDF10012A33E /* ServerTrackingModel.swift in Sources */ = {isa = PBXBuildFile; fileRef = 4C42A35A2BE9CDF10012A33E /* ServerTrackingModel.swift */; };
		4C42A35F2BEADF170012A33E /* ImageAnchorModel.swift in Sources */ = {isa = PBXBuildFile; fileRef = 4C42A35E2BEADF170012A33E /* ImageAnchorModel.swift */; };
/* End PBXBuildFile section */

/* Begin PBXFileReference section */
		4C42A3162BE9BCAD0012A33E /* DeliveryTest.app */ = {isa = PBXFileReference; explicitFileType = wrapper.application; includeInIndex = 0; path = DeliveryTest.app; sourceTree = BUILT_PRODUCTS_DIR; };
		4C42A31A2BE9BCAD0012A33E /* RealityKitContent */ = {isa = PBXFileReference; lastKnownFileType = wrapper; path = RealityKitContent; sourceTree = "<group>"; };
		4C42A31D2BE9BCAD0012A33E /* DeliveryTestApp.swift */ = {isa = PBXFileReference; lastKnownFileType = sourcecode.swift; path = DeliveryTestApp.swift; sourceTree = "<group>"; };
		4C42A31F2BE9BCAE0012A33E /* ContentView.swift */ = {isa = PBXFileReference; lastKnownFileType = sourcecode.swift; path = ContentView.swift; sourceTree = "<group>"; };
		4C42A3212BE9BCAE0012A33E /* ImmersiveView.swift */ = {isa = PBXFileReference; lastKnownFileType = sourcecode.swift; path = ImmersiveView.swift; sourceTree = "<group>"; };
		4C42A3232BE9BCB00012A33E /* Assets.xcassets */ = {isa = PBXFileReference; lastKnownFileType = folder.assetcatalog; path = Assets.xcassets; sourceTree = "<group>"; };
		4C42A3262BE9BCB00012A33E /* Preview Assets.xcassets */ = {isa = PBXFileReference; lastKnownFileType = folder.assetcatalog; path = "Preview Assets.xcassets"; sourceTree = "<group>"; };
		4C42A3282BE9BCB00012A33E /* Info.plist */ = {isa = PBXFileReference; lastKnownFileType = text.plist.xml; path = Info.plist; sourceTree = "<group>"; };
		4C42A32E2BE9BCC90012A33E /* SampleEntityViewModel.swift */ = {isa = PBXFileReference; lastKnownFileType = sourcecode.swift; path = SampleEntityViewModel.swift; sourceTree = "<group>"; };
		4C42A3302BE9BD2D0012A33E /* SendableCircle.swift */ = {isa = PBXFileReference; fileEncoding = 4; lastKnownFileType = sourcecode.swift; path = SendableCircle.swift; sourceTree = "<group>"; };
		4C42A3312BE9BD2D0012A33E /* SendablePlayer.swift */ = {isa = PBXFileReference; fileEncoding = 4; lastKnownFileType = sourcecode.swift; path = SendablePlayer.swift; sourceTree = "<group>"; };
		4C42A3332BE9BD2D0012A33E /* Data+ext.swift */ = {isa = PBXFileReference; fileEncoding = 4; lastKnownFileType = sourcecode.swift; path = "Data+ext.swift"; sourceTree = "<group>"; };
		4C42A3342BE9BD2D0012A33E /* MCSessionState+ext.swift */ = {isa = PBXFileReference; fileEncoding = 4; lastKnownFileType = sourcecode.swift; path = "MCSessionState+ext.swift"; sourceTree = "<group>"; };
		4C42A3362BE9BD2D0012A33E /* PeersC+Advertiser.swift */ = {isa = PBXFileReference; fileEncoding = 4; lastKnownFileType = sourcecode.swift; path = "PeersC+Advertiser.swift"; sourceTree = "<group>"; };
		4C42A3372BE9BD2D0012A33E /* PeersC+Browser.swift */ = {isa = PBXFileReference; fileEncoding = 4; lastKnownFileType = sourcecode.swift; path = "PeersC+Browser.swift"; sourceTree = "<group>"; };
		4C42A3382BE9BD2D0012A33E /* PeersC+Session.swift */ = {isa = PBXFileReference; fileEncoding = 4; lastKnownFileType = sourcecode.swift; path = "PeersC+Session.swift"; sourceTree = "<group>"; };
		4C42A3392BE9BD2D0012A33E /* PeersC+Stream.swift */ = {isa = PBXFileReference; fileEncoding = 4; lastKnownFileType = sourcecode.swift; path = "PeersC+Stream.swift"; sourceTree = "<group>"; };
		4C42A33A2BE9BD2D0012A33E /* PeerService.swift */ = {isa = PBXFileReference; fileEncoding = 4; lastKnownFileType = sourcecode.swift; path = PeerService.swift; sourceTree = "<group>"; };
		4C42A33C2BE9BD2D0012A33E /* PeersController.swift */ = {isa = PBXFileReference; fileEncoding = 4; lastKnownFileType = sourcecode.swift; path = PeersController.swift; sourceTree = "<group>"; };
		4C42A33E2BE9BD2D0012A33E /* PeerInfo.swift */ = {isa = PBXFileReference; fileEncoding = 4; lastKnownFileType = sourcecode.swift; path = PeerInfo.swift; sourceTree = "<group>"; };
		4C42A33F2BE9BD2D0012A33E /* PeersView.swift */ = {isa = PBXFileReference; fileEncoding = 4; lastKnownFileType = sourcecode.swift; path = PeersView.swift; sourceTree = "<group>"; };
		4C42A3402BE9BD2D0012A33E /* PeersVm.swift */ = {isa = PBXFileReference; fileEncoding = 4; lastKnownFileType = sourcecode.swift; path = PeersVm.swift; sourceTree = "<group>"; };
		4C42A3422BE9BD2D0012A33E /* PSNetworking.swift */ = {isa = PBXFileReference; fileEncoding = 4; lastKnownFileType = sourcecode.swift; path = PSNetworking.swift; sourceTree = "<group>"; };
		4C42A3542BE9BDB90012A33E /* DebugView.swift */ = {isa = PBXFileReference; lastKnownFileType = sourcecode.swift; path = DebugView.swift; sourceTree = "<group>"; };
		4C42A3562BE9BFFA0012A33E /* HandModel.swift */ = {isa = PBXFileReference; lastKnownFileType = sourcecode.swift; path = HandModel.swift; sourceTree = "<group>"; };
		4C42A3582BE9C0150012A33E /* PostureUtils.swift */ = {isa = PBXFileReference; lastKnownFileType = sourcecode.swift; path = PostureUtils.swift; sourceTree = "<group>"; };
		4C42A35A2BE9CDF10012A33E /* ServerTrackingModel.swift */ = {isa = PBXFileReference; lastKnownFileType = sourcecode.swift; path = ServerTrackingModel.swift; sourceTree = "<group>"; };
		4C42A35E2BEADF170012A33E /* ImageAnchorModel.swift */ = {isa = PBXFileReference; lastKnownFileType = sourcecode.swift; path = ImageAnchorModel.swift; sourceTree = "<group>"; };
/* End PBXFileReference section */

/* Begin PBXFrameworksBuildPhase section */
		4C42A3132BE9BCAD0012A33E /* Frameworks */ = {
			isa = PBXFrameworksBuildPhase;
			buildActionMask = 2147483647;
			files = (
				4C42A31C2BE9BCAD0012A33E /* RealityKitContent in Frameworks */,
			);
			runOnlyForDeploymentPostprocessing = 0;
		};
/* End PBXFrameworksBuildPhase section */

/* Begin PBXGroup section */
		4C42A30D2BE9BCAD0012A33E = {
			isa = PBXGroup;
			children = (
				4C42A3182BE9BCAD0012A33E /* DeliveryTest */,
				4C42A3192BE9BCAD0012A33E /* Packages */,
				4C42A3172BE9BCAD0012A33E /* Products */,
			);
			sourceTree = "<group>";
		};
		4C42A3172BE9BCAD0012A33E /* Products */ = {
			isa = PBXGroup;
			children = (
				4C42A3162BE9BCAD0012A33E /* DeliveryTest.app */,
			);
			name = Products;
			sourceTree = "<group>";
		};
		4C42A3182BE9BCAD0012A33E /* DeliveryTest */ = {
			isa = PBXGroup;
			children = (
				4C42A3432BE9BD2D0012A33E /* Networking */,
				4C42A3322BE9BD2D0012A33E /* Sendables */,
				4C42A3232BE9BCB00012A33E /* Assets.xcassets */,
				4C42A3582BE9C0150012A33E /* PostureUtils.swift */,
				4C42A3542BE9BDB90012A33E /* DebugView.swift */,
				4C42A31D2BE9BCAD0012A33E /* DeliveryTestApp.swift */,
				4C42A31F2BE9BCAE0012A33E /* ContentView.swift */,
				4C42A3212BE9BCAE0012A33E /* ImmersiveView.swift */,
				4C42A32E2BE9BCC90012A33E /* SampleEntityViewModel.swift */,
				4C42A3562BE9BFFA0012A33E /* HandModel.swift */,
				4C42A35E2BEADF170012A33E /* ImageAnchorModel.swift */,
				4C42A3282BE9BCB00012A33E /* Info.plist */,
				4C42A3252BE9BCB00012A33E /* Preview Content */,
			);
			path = DeliveryTest;
			sourceTree = "<group>";
		};
		4C42A3192BE9BCAD0012A33E /* Packages */ = {
			isa = PBXGroup;
			children = (
				4C42A31A2BE9BCAD0012A33E /* RealityKitContent */,
			);
			path = Packages;
			sourceTree = "<group>";
		};
		4C42A3252BE9BCB00012A33E /* Preview Content */ = {
			isa = PBXGroup;
			children = (
				4C42A3262BE9BCB00012A33E /* Preview Assets.xcassets */,
			);
			path = "Preview Content";
			sourceTree = "<group>";
		};
		4C42A3322BE9BD2D0012A33E /* Sendables */ = {
			isa = PBXGroup;
			children = (
				4C42A35A2BE9CDF10012A33E /* ServerTrackingModel.swift */,
				4C42A3302BE9BD2D0012A33E /* SendableCircle.swift */,
				4C42A3312BE9BD2D0012A33E /* SendablePlayer.swift */,
			);
			path = Sendables;
			sourceTree = "<group>";
		};
		4C42A3352BE9BD2D0012A33E /* MuExtensions */ = {
			isa = PBXGroup;
			children = (
				4C42A3332BE9BD2D0012A33E /* Data+ext.swift */,
				4C42A3342BE9BD2D0012A33E /* MCSessionState+ext.swift */,
			);
			path = MuExtensions;
			sourceTree = "<group>";
		};
		4C42A33B2BE9BD2D0012A33E /* PeersControllerService */ = {
			isa = PBXGroup;
			children = (
				4C42A3352BE9BD2D0012A33E /* MuExtensions */,
				4C42A3362BE9BD2D0012A33E /* PeersC+Advertiser.swift */,
				4C42A3372BE9BD2D0012A33E /* PeersC+Browser.swift */,
				4C42A3382BE9BD2D0012A33E /* PeersC+Session.swift */,
				4C42A3392BE9BD2D0012A33E /* PeersC+Stream.swift */,
				4C42A33A2BE9BD2D0012A33E /* PeerService.swift */,
			);
			path = PeersControllerService;
			sourceTree = "<group>";
		};
		4C42A33D2BE9BD2D0012A33E /* MuPeer */ = {
			isa = PBXGroup;
			children = (
				4C42A33B2BE9BD2D0012A33E /* PeersControllerService */,
				4C42A33C2BE9BD2D0012A33E /* PeersController.swift */,
			);
			path = MuPeer;
			sourceTree = "<group>";
		};
		4C42A3412BE9BD2D0012A33E /* PeersView */ = {
			isa = PBXGroup;
			children = (
				4C42A33E2BE9BD2D0012A33E /* PeerInfo.swift */,
				4C42A33F2BE9BD2D0012A33E /* PeersView.swift */,
				4C42A3402BE9BD2D0012A33E /* PeersVm.swift */,
			);
			path = PeersView;
			sourceTree = "<group>";
		};
		4C42A3432BE9BD2D0012A33E /* Networking */ = {
			isa = PBXGroup;
			children = (
				4C42A33D2BE9BD2D0012A33E /* MuPeer */,
				4C42A3412BE9BD2D0012A33E /* PeersView */,
				4C42A3422BE9BD2D0012A33E /* PSNetworking.swift */,
			);
			path = Networking;
			sourceTree = "<group>";
		};
/* End PBXGroup section */

/* Begin PBXNativeTarget section */
		4C42A3152BE9BCAD0012A33E /* DeliveryTest */ = {
			isa = PBXNativeTarget;
			buildConfigurationList = 4C42A32B2BE9BCB00012A33E /* Build configuration list for PBXNativeTarget "DeliveryTest" */;
			buildPhases = (
				4C42A3122BE9BCAD0012A33E /* Sources */,
				4C42A3132BE9BCAD0012A33E /* Frameworks */,
				4C42A3142BE9BCAD0012A33E /* Resources */,
			);
			buildRules = (
			);
			dependencies = (
			);
			name = DeliveryTest;
			packageProductDependencies = (
				4C42A31B2BE9BCAD0012A33E /* RealityKitContent */,
			);
			productName = DeliveryTest;
			productReference = 4C42A3162BE9BCAD0012A33E /* DeliveryTest.app */;
			productType = "com.apple.product-type.application";
		};
/* End PBXNativeTarget section */

/* Begin PBXProject section */
		4C42A30E2BE9BCAD0012A33E /* Project object */ = {
			isa = PBXProject;
			attributes = {
				BuildIndependentTargetsInParallel = 1;
				LastSwiftUpdateCheck = 1530;
				LastUpgradeCheck = 1530;
				TargetAttributes = {
					4C42A3152BE9BCAD0012A33E = {
						CreatedOnToolsVersion = 15.3;
					};
				};
			};
			buildConfigurationList = 4C42A3112BE9BCAD0012A33E /* Build configuration list for PBXProject "DeliveryTest" */;
			compatibilityVersion = "Xcode 14.0";
			developmentRegion = en;
			hasScannedForEncodings = 0;
			knownRegions = (
				en,
				Base,
			);
			mainGroup = 4C42A30D2BE9BCAD0012A33E;
			productRefGroup = 4C42A3172BE9BCAD0012A33E /* Products */;
			projectDirPath = "";
			projectRoot = "";
			targets = (
				4C42A3152BE9BCAD0012A33E /* DeliveryTest */,
			);
		};
/* End PBXProject section */

/* Begin PBXResourcesBuildPhase section */
		4C42A3142BE9BCAD0012A33E /* Resources */ = {
			isa = PBXResourcesBuildPhase;
			buildActionMask = 2147483647;
			files = (
				4C42A3272BE9BCB00012A33E /* Preview Assets.xcassets in Resources */,
				4C42A3242BE9BCB00012A33E /* Assets.xcassets in Resources */,
			);
			runOnlyForDeploymentPostprocessing = 0;
		};
/* End PBXResourcesBuildPhase section */

/* Begin PBXSourcesBuildPhase section */
		4C42A3122BE9BCAD0012A33E /* Sources */ = {
			isa = PBXSourcesBuildPhase;
			buildActionMask = 2147483647;
			files = (
				4C42A3462BE9BD2D0012A33E /* Data+ext.swift in Sources */,
				4C42A34E2BE9BD2D0012A33E /* PeerInfo.swift in Sources */,
				4C42A34D2BE9BD2D0012A33E /* PeersController.swift in Sources */,
				4C42A3452BE9BD2D0012A33E /* SendablePlayer.swift in Sources */,
				4C42A34F2BE9BD2D0012A33E /* PeersView.swift in Sources */,
				4C42A3492BE9BD2D0012A33E /* PeersC+Browser.swift in Sources */,
				4C42A3572BE9BFFA0012A33E /* HandModel.swift in Sources */,
				4C42A3512BE9BD2D0012A33E /* PSNetworking.swift in Sources */,
				4C42A34A2BE9BD2D0012A33E /* PeersC+Session.swift in Sources */,
				4C42A3482BE9BD2D0012A33E /* PeersC+Advertiser.swift in Sources */,
				4C42A3502BE9BD2D0012A33E /* PeersVm.swift in Sources */,
				4C42A3442BE9BD2D0012A33E /* SendableCircle.swift in Sources */,
				4C42A3202BE9BCAE0012A33E /* ContentView.swift in Sources */,
				4C42A3472BE9BD2D0012A33E /* MCSessionState+ext.swift in Sources */,
				4C42A32F2BE9BCC90012A33E /* SampleEntityViewModel.swift in Sources */,
				4C42A35B2BE9CDF10012A33E /* ServerTrackingModel.swift in Sources */,
				4C42A31E2BE9BCAD0012A33E /* DeliveryTestApp.swift in Sources */,
				4C42A3222BE9BCAE0012A33E /* ImmersiveView.swift in Sources */,
				4C42A35F2BEADF170012A33E /* ImageAnchorModel.swift in Sources */,
				4C42A3552BE9BDB90012A33E /* DebugView.swift in Sources */,
				4C42A34B2BE9BD2D0012A33E /* PeersC+Stream.swift in Sources */,
				4C42A34C2BE9BD2D0012A33E /* PeerService.swift in Sources */,
				4C42A3592BE9C0150012A33E /* PostureUtils.swift in Sources */,
			);
			runOnlyForDeploymentPostprocessing = 0;
		};
/* End PBXSourcesBuildPhase section */

/* Begin XCBuildConfiguration section */
		4C42A3292BE9BCB00012A33E /* Debug */ = {
			isa = XCBuildConfiguration;
			buildSettings = {
				ALWAYS_SEARCH_USER_PATHS = NO;
				ASSETCATALOG_COMPILER_GENERATE_SWIFT_ASSET_SYMBOL_EXTENSIONS = YES;
				CLANG_ANALYZER_NONNULL = YES;
				CLANG_ANALYZER_NUMBER_OBJECT_CONVERSION = YES_AGGRESSIVE;
				CLANG_CXX_LANGUAGE_STANDARD = "gnu++20";
				CLANG_ENABLE_MODULES = YES;
				CLANG_ENABLE_OBJC_ARC = YES;
				CLANG_ENABLE_OBJC_WEAK = YES;
				CLANG_WARN_BLOCK_CAPTURE_AUTORELEASING = YES;
				CLANG_WARN_BOOL_CONVERSION = YES;
				CLANG_WARN_COMMA = YES;
				CLANG_WARN_CONSTANT_CONVERSION = YES;
				CLANG_WARN_DEPRECATED_OBJC_IMPLEMENTATIONS = YES;
				CLANG_WARN_DIRECT_OBJC_ISA_USAGE = YES_ERROR;
				CLANG_WARN_DOCUMENTATION_COMMENTS = YES;
				CLANG_WARN_EMPTY_BODY = YES;
				CLANG_WARN_ENUM_CONVERSION = YES;
				CLANG_WARN_INFINITE_RECURSION = YES;
				CLANG_WARN_INT_CONVERSION = YES;
				CLANG_WARN_NON_LITERAL_NULL_CONVERSION = YES;
				CLANG_WARN_OBJC_IMPLICIT_RETAIN_SELF = YES;
				CLANG_WARN_OBJC_LITERAL_CONVERSION = YES;
				CLANG_WARN_OBJC_ROOT_CLASS = YES_ERROR;
				CLANG_WARN_QUOTED_INCLUDE_IN_FRAMEWORK_HEADER = YES;
				CLANG_WARN_RANGE_LOOP_ANALYSIS = YES;
				CLANG_WARN_STRICT_PROTOTYPES = YES;
				CLANG_WARN_SUSPICIOUS_MOVE = YES;
				CLANG_WARN_UNGUARDED_AVAILABILITY = YES_AGGRESSIVE;
				CLANG_WARN_UNREACHABLE_CODE = YES;
				CLANG_WARN__DUPLICATE_METHOD_MATCH = YES;
				COPY_PHASE_STRIP = NO;
				DEBUG_INFORMATION_FORMAT = dwarf;
				ENABLE_STRICT_OBJC_MSGSEND = YES;
				ENABLE_TESTABILITY = YES;
				ENABLE_USER_SCRIPT_SANDBOXING = YES;
				GCC_C_LANGUAGE_STANDARD = gnu17;
				GCC_DYNAMIC_NO_PIC = NO;
				GCC_NO_COMMON_BLOCKS = YES;
				GCC_OPTIMIZATION_LEVEL = 0;
				GCC_PREPROCESSOR_DEFINITIONS = (
					"DEBUG=1",
					"$(inherited)",
				);
				GCC_WARN_64_TO_32_BIT_CONVERSION = YES;
				GCC_WARN_ABOUT_RETURN_TYPE = YES_ERROR;
				GCC_WARN_UNDECLARED_SELECTOR = YES;
				GCC_WARN_UNINITIALIZED_AUTOS = YES_AGGRESSIVE;
				GCC_WARN_UNUSED_FUNCTION = YES;
				GCC_WARN_UNUSED_VARIABLE = YES;
				LOCALIZATION_PREFERS_STRING_CATALOGS = YES;
				MTL_ENABLE_DEBUG_INFO = INCLUDE_SOURCE;
				MTL_FAST_MATH = YES;
				ONLY_ACTIVE_ARCH = YES;
				SDKROOT = xros;
				SWIFT_ACTIVE_COMPILATION_CONDITIONS = "DEBUG $(inherited)";
				SWIFT_OPTIMIZATION_LEVEL = "-Onone";
				XROS_DEPLOYMENT_TARGET = 1.1;
			};
			name = Debug;
		};
		4C42A32A2BE9BCB00012A33E /* Release */ = {
			isa = XCBuildConfiguration;
			buildSettings = {
				ALWAYS_SEARCH_USER_PATHS = NO;
				ASSETCATALOG_COMPILER_GENERATE_SWIFT_ASSET_SYMBOL_EXTENSIONS = YES;
				CLANG_ANALYZER_NONNULL = YES;
				CLANG_ANALYZER_NUMBER_OBJECT_CONVERSION = YES_AGGRESSIVE;
				CLANG_CXX_LANGUAGE_STANDARD = "gnu++20";
				CLANG_ENABLE_MODULES = YES;
				CLANG_ENABLE_OBJC_ARC = YES;
				CLANG_ENABLE_OBJC_WEAK = YES;
				CLANG_WARN_BLOCK_CAPTURE_AUTORELEASING = YES;
				CLANG_WARN_BOOL_CONVERSION = YES;
				CLANG_WARN_COMMA = YES;
				CLANG_WARN_CONSTANT_CONVERSION = YES;
				CLANG_WARN_DEPRECATED_OBJC_IMPLEMENTATIONS = YES;
				CLANG_WARN_DIRECT_OBJC_ISA_USAGE = YES_ERROR;
				CLANG_WARN_DOCUMENTATION_COMMENTS = YES;
				CLANG_WARN_EMPTY_BODY = YES;
				CLANG_WARN_ENUM_CONVERSION = YES;
				CLANG_WARN_INFINITE_RECURSION = YES;
				CLANG_WARN_INT_CONVERSION = YES;
				CLANG_WARN_NON_LITERAL_NULL_CONVERSION = YES;
				CLANG_WARN_OBJC_IMPLICIT_RETAIN_SELF = YES;
				CLANG_WARN_OBJC_LITERAL_CONVERSION = YES;
				CLANG_WARN_OBJC_ROOT_CLASS = YES_ERROR;
				CLANG_WARN_QUOTED_INCLUDE_IN_FRAMEWORK_HEADER = YES;
				CLANG_WARN_RANGE_LOOP_ANALYSIS = YES;
				CLANG_WARN_STRICT_PROTOTYPES = YES;
				CLANG_WARN_SUSPICIOUS_MOVE = YES;
				CLANG_WARN_UNGUARDED_AVAILABILITY = YES_AGGRESSIVE;
				CLANG_WARN_UNREACHABLE_CODE = YES;
				CLANG_WARN__DUPLICATE_METHOD_MATCH = YES;
				COPY_PHASE_STRIP = NO;
				DEBUG_INFORMATION_FORMAT = "dwarf-with-dsym";
				ENABLE_NS_ASSERTIONS = NO;
				ENABLE_STRICT_OBJC_MSGSEND = YES;
				ENABLE_USER_SCRIPT_SANDBOXING = YES;
				GCC_C_LANGUAGE_STANDARD = gnu17;
				GCC_NO_COMMON_BLOCKS = YES;
				GCC_WARN_64_TO_32_BIT_CONVERSION = YES;
				GCC_WARN_ABOUT_RETURN_TYPE = YES_ERROR;
				GCC_WARN_UNDECLARED_SELECTOR = YES;
				GCC_WARN_UNINITIALIZED_AUTOS = YES_AGGRESSIVE;
				GCC_WARN_UNUSED_FUNCTION = YES;
				GCC_WARN_UNUSED_VARIABLE = YES;
				LOCALIZATION_PREFERS_STRING_CATALOGS = YES;
				MTL_ENABLE_DEBUG_INFO = NO;
				MTL_FAST_MATH = YES;
				SDKROOT = xros;
				SWIFT_COMPILATION_MODE = wholemodule;
				VALIDATE_PRODUCT = YES;
				XROS_DEPLOYMENT_TARGET = 1.1;
			};
			name = Release;
		};
		4C42A32C2BE9BCB00012A33E /* Debug */ = {
			isa = XCBuildConfiguration;
			buildSettings = {
				ASSETCATALOG_COMPILER_APPICON_NAME = AppIcon;
				ASSETCATALOG_COMPILER_GLOBAL_ACCENT_COLOR_NAME = AccentColor;
				CODE_SIGN_STYLE = Automatic;
				CURRENT_PROJECT_VERSION = 1;
				DEVELOPMENT_ASSET_PATHS = "\"DeliveryTest/Preview Content\"";
				DEVELOPMENT_TEAM = CATM9F8TCA;
				ENABLE_PREVIEWS = YES;
				GENERATE_INFOPLIST_FILE = YES;
				INFOPLIST_FILE = "$(TARGET_NAME)/Info.plist";
				LD_RUNPATH_SEARCH_PATHS = (
					"$(inherited)",
					"@executable_path/Frameworks",
				);
				MARKETING_VERSION = 1.0;
				PRODUCT_BUNDLE_IDENTIFIER = pokipokipoki.DeliveryTest;
				PRODUCT_NAME = "$(TARGET_NAME)";
				SUPPORTED_PLATFORMS = "xros xrsimulator";
				SWIFT_EMIT_LOC_STRINGS = YES;
				SWIFT_VERSION = 5.0;
				TARGETED_DEVICE_FAMILY = "1,2,7";
			};
			name = Debug;
		};
		4C42A32D2BE9BCB00012A33E /* Release */ = {
			isa = XCBuildConfiguration;
			buildSettings = {
				ASSETCATALOG_COMPILER_APPICON_NAME = AppIcon;
				ASSETCATALOG_COMPILER_GLOBAL_ACCENT_COLOR_NAME = AccentColor;
				CODE_SIGN_STYLE = Automatic;
				CURRENT_PROJECT_VERSION = 1;
				DEVELOPMENT_ASSET_PATHS = "\"DeliveryTest/Preview Content\"";
				DEVELOPMENT_TEAM = CATM9F8TCA;
				ENABLE_PREVIEWS = YES;
				GENERATE_INFOPLIST_FILE = YES;
				INFOPLIST_FILE = "$(TARGET_NAME)/Info.plist";
				LD_RUNPATH_SEARCH_PATHS = (
					"$(inherited)",
					"@executable_path/Frameworks",
				);
				MARKETING_VERSION = 1.0;
				PRODUCT_BUNDLE_IDENTIFIER = pokipokipoki.DeliveryTest;
				PRODUCT_NAME = "$(TARGET_NAME)";
				SUPPORTED_PLATFORMS = "xros xrsimulator";
				SWIFT_EMIT_LOC_STRINGS = YES;
				SWIFT_VERSION = 5.0;
				TARGETED_DEVICE_FAMILY = "1,2,7";
			};
			name = Release;
		};
/* End XCBuildConfiguration section */

/* Begin XCConfigurationList section */
		4C42A3112BE9BCAD0012A33E /* Build configuration list for PBXProject "DeliveryTest" */ = {
			isa = XCConfigurationList;
			buildConfigurations = (
				4C42A3292BE9BCB00012A33E /* Debug */,
				4C42A32A2BE9BCB00012A33E /* Release */,
			);
			defaultConfigurationIsVisible = 0;
			defaultConfigurationName = Release;
		};
		4C42A32B2BE9BCB00012A33E /* Build configuration list for PBXNativeTarget "DeliveryTest" */ = {
			isa = XCConfigurationList;
			buildConfigurations = (
				4C42A32C2BE9BCB00012A33E /* Debug */,
				4C42A32D2BE9BCB00012A33E /* Release */,
			);
			defaultConfigurationIsVisible = 0;
			defaultConfigurationName = Release;
		};
/* End XCConfigurationList section */

/* Begin XCSwiftPackageProductDependency section */
		4C42A31B2BE9BCAD0012A33E /* RealityKitContent */ = {
			isa = XCSwiftPackageProductDependency;
			productName = RealityKitContent;
		};
/* End XCSwiftPackageProductDependency section */
	};
	rootObject = 4C42A30E2BE9BCAD0012A33E /* Project object */;
}
